
Microsoft Visual Studio Solution File, Format Version 12.00
# Visual Studio 2012
# Clarion 2.1.0.2447
Project("{12B76EC0-1D7B-4FA7-A7D0-C524288B48A1}") = "Fixer", "Fixer.cwproj", "{C7F26449-F915-42B7-82A0-5726BD04D456}"
EndProject
Global
	GlobalSection(SolutionConfigurationPlatforms) = preSolution
		Debug|Win32 = Debug|Win32
		Release|Win32 = Release|Win32
	EndGlobalSection
	GlobalSection(ProjectConfigurationPlatforms) = postSolution
		{C7F26449-F915-42B7-82A0-5726BD04D456}.Debug|Win32.Build.0 = Debug|Win32
		{C7F26449-F915-42B7-82A0-5726BD04D456}.Debug|Win32.ActiveCfg = Debug|Win32
		{C7F26449-F915-42B7-82A0-5726BD04D456}.Release|Win32.Build.0 = Release|Win32
		{C7F26449-F915-42B7-82A0-5726BD04D456}.Release|Win32.ActiveCfg = Release|Win32
	EndGlobalSection
EndGlobal
